// !$*UTF8*$!
{
	archiveVersion = 1;
	classes = {
	};
	objectVersion = 56;
	objects = {

/* Begin PBXBuildFile section */
		09D757742BB5C7AD00CB2B52 /* question #1.cpp in Sources */ = {isa = PBXBuildFile; fileRef = 09D757732BB5C7AD00CB2B52 /* question #1.cpp */; };
		09D7577B2BB5CA9C00CB2B52 /* question #2.cpp in Sources */ = {isa = PBXBuildFile; fileRef = 09D7577A2BB5CA9C00CB2B52 /* question #2.cpp */; };
		09D7577D2BB5D88B00CB2B52 /* question #3.cpp in Sources */ = {isa = PBXBuildFile; fileRef = 09D7577C2BB5D88B00CB2B52 /* question #3.cpp */; };
		09D757802BB5E05700CB2B52 /* question #4.cpp in Sources */ = {isa = PBXBuildFile; fileRef = 09D7577E2BB5E05700CB2B52 /* question #4.cpp */; };
		09D757832BB5E3E200CB2B52 /* question #5.cpp in Sources */ = {isa = PBXBuildFile; fileRef = 09D757812BB5E3D900CB2B52 /* question #5.cpp */; };
		09D757852BB5E5AF00CB2B52 /* question #6.cpp in Sources */ = {isa = PBXBuildFile; fileRef = 09D757842BB5E5AF00CB2B52 /* question #6.cpp */; };
/* End PBXBuildFile section */

/* Begin PBXCopyFilesBuildPhase section */
		09D7576E2BB5C7AD00CB2B52 /* CopyFiles */ = {
			isa = PBXCopyFilesBuildPhase;
			buildActionMask = 2147483647;
			dstPath = /usr/share/man/man1/;
			dstSubfolderSpec = 0;
			files = (
			);
			runOnlyForDeploymentPostprocessing = 1;
		};
/* End PBXCopyFilesBuildPhase section */

/* Begin PBXFileReference section */
		09D757702BB5C7AD00CB2B52 /* Lab 6 */ = {isa = PBXFileReference; explicitFileType = "compiled.mach-o.executable"; includeInIndex = 0; path = "Lab 6"; sourceTree = BUILT_PRODUCTS_DIR; };
		09D757732BB5C7AD00CB2B52 /* question #1.cpp */ = {isa = PBXFileReference; lastKnownFileType = sourcecode.cpp.cpp; path = "question #1.cpp"; sourceTree = "<group>"; };
		09D7577A2BB5CA9C00CB2B52 /* question #2.cpp */ = {isa = PBXFileReference; lastKnownFileType = sourcecode.cpp.cpp; path = "question #2.cpp"; sourceTree = "<group>"; };
		09D7577C2BB5D88B00CB2B52 /* question #3.cpp */ = {isa = PBXFileReference; lastKnownFileType = sourcecode.cpp.cpp; path = "question #3.cpp"; sourceTree = "<group>"; };
		09D7577E2BB5E05700CB2B52 /* question #4.cpp */ = {isa = PBXFileReference; lastKnownFileType = sourcecode.cpp.cpp; path = "question #4.cpp"; sourceTree = "<group>"; };
		09D757812BB5E3D900CB2B52 /* question #5.cpp */ = {isa = PBXFileReference; lastKnownFileType = sourcecode.cpp.cpp; path = "question #5.cpp"; sourceTree = "<group>"; };
		09D757842BB5E5AF00CB2B52 /* question #6.cpp */ = {isa = PBXFileReference; lastKnownFileType = sourcecode.cpp.cpp; path = "question #6.cpp"; sourceTree = "<group>"; };
/* End PBXFileReference section */

/* Begin PBXFrameworksBuildPhase section */
		09D7576D2BB5C7AD00CB2B52 /* Frameworks */ = {
			isa = PBXFrameworksBuildPhase;
			buildActionMask = 2147483647;
			files = (
			);
			runOnlyForDeploymentPostprocessing = 0;
		};
/* End PBXFrameworksBuildPhase section */

/* Begin PBXGroup section */
		09D757672BB5C7AD00CB2B52 = {
			isa = PBXGroup;
			children = (
				09D757722BB5C7AD00CB2B52 /* Lab 6 */,
				09D757712BB5C7AD00CB2B52 /* Products */,
			);
			sourceTree = "<group>";
		};
		09D757712BB5C7AD00CB2B52 /* Products */ = {
			isa = PBXGroup;
			children = (
				09D757702BB5C7AD00CB2B52 /* Lab 6 */,
			);
			name = Products;
			sourceTree = "<group>";
		};
		09D757722BB5C7AD00CB2B52 /* Lab 6 */ = {
			isa = PBXGroup;
			children = (
				09D757732BB5C7AD00CB2B52 /* question #1.cpp */,
				09D7577A2BB5CA9C00CB2B52 /* question #2.cpp */,
				09D7577C2BB5D88B00CB2B52 /* question #3.cpp */,
				09D7577E2BB5E05700CB2B52 /* question #4.cpp */,
				09D757812BB5E3D900CB2B52 /* question #5.cpp */,
				09D757842BB5E5AF00CB2B52 /* question #6.cpp */,
			);
			path = "Lab 6";
			sourceTree = "<group>";
		};
/* End PBXGroup section */

/* Begin PBXNativeTarget section */
		09D7576F2BB5C7AD00CB2B52 /* Lab 6 */ = {
			isa = PBXNativeTarget;
			buildConfigurationList = 09D757772BB5C7AD00CB2B52 /* Build configuration list for PBXNativeTarget "Lab 6" */;
			buildPhases = (
				09D7576C2BB5C7AD00CB2B52 /* Sources */,
				09D7576D2BB5C7AD00CB2B52 /* Frameworks */,
				09D7576E2BB5C7AD00CB2B52 /* CopyFiles */,
			);
			buildRules = (
			);
			dependencies = (
			);
			name = "Lab 6";
			productName = "Lab 6";
			productReference = 09D757702BB5C7AD00CB2B52 /* Lab 6 */;
			productType = "com.apple.product-type.tool";
		};
/* End PBXNativeTarget section */

/* Begin PBXProject section */
		09D757682BB5C7AD00CB2B52 /* Project object */ = {
			isa = PBXProject;
			attributes = {
				BuildIndependentTargetsInParallel = 1;
				LastUpgradeCheck = 1530;
				TargetAttributes = {
					09D7576F2BB5C7AD00CB2B52 = {
						CreatedOnToolsVersion = 15.3;
					};
				};
			};
			buildConfigurationList = 09D7576B2BB5C7AD00CB2B52 /* Build configuration list for PBXProject "Lab 6" */;
			compatibilityVersion = "Xcode 14.0";
			developmentRegion = en;
			hasScannedForEncodings = 0;
			knownRegions = (
				en,
				Base,
			);
			mainGroup = 09D757672BB5C7AD00CB2B52;
			productRefGroup = 09D757712BB5C7AD00CB2B52 /* Products */;
			projectDirPath = "";
			projectRoot = "";
			targets = (
				09D7576F2BB5C7AD00CB2B52 /* Lab 6 */,
			);
		};
/* End PBXProject section */

/* Begin PBXSourcesBuildPhase section */
		09D7576C2BB5C7AD00CB2B52 /* Sources */ = {
			isa = PBXSourcesBuildPhase;
			buildActionMask = 2147483647;
			files = (
				09D757742BB5C7AD00CB2B52 /* question #1.cpp in Sources */,
				09D757852BB5E5AF00CB2B52 /* question #6.cpp in Sources */,
				09D7577D2BB5D88B00CB2B52 /* question #3.cpp in Sources */,
				09D757832BB5E3E200CB2B52 /* question #5.cpp in Sources */,
				09D7577B2BB5CA9C00CB2B52 /* question #2.cpp in Sources */,
				09D757802BB5E05700CB2B52 /* question #4.cpp in Sources */,
			);
			runOnlyForDeploymentPostprocessing = 0;
		};
/* End PBXSourcesBuildPhase section */

/* Begin XCBuildConfiguration section */
		09D757752BB5C7AD00CB2B52 /* Debug */ = {
			isa = XCBuildConfiguration;
			buildSettings = {
				ALWAYS_SEARCH_USER_PATHS = NO;
				ASSETCATALOG_COMPILER_GENERATE_SWIFT_ASSET_SYMBOL_EXTENSIONS = YES;
				CLANG_ANALYZER_NONNULL = YES;
				CLANG_ANALYZER_NUMBER_OBJECT_CONVERSION = YES_AGGRESSIVE;
				CLANG_CXX_LANGUAGE_STANDARD = "gnu++20";
				CLANG_ENABLE_MODULES = YES;
				CLANG_ENABLE_OBJC_ARC = YES;
				CLANG_ENABLE_OBJC_WEAK = YES;
				CLANG_WARN_BLOCK_CAPTURE_AUTORELEASING = YES;
				CLANG_WARN_BOOL_CONVERSION = YES;
				CLANG_WARN_COMMA = YES;
				CLANG_WARN_CONSTANT_CONVERSION = YES;
				CLANG_WARN_DEPRECATED_OBJC_IMPLEMENTATIONS = YES;
				CLANG_WARN_DIRECT_OBJC_ISA_USAGE = YES_ERROR;
				CLANG_WARN_DOCUMENTATION_COMMENTS = YES;
				CLANG_WARN_EMPTY_BODY = YES;
				CLANG_WARN_ENUM_CONVERSION = YES;
				CLANG_WARN_INFINITE_RECURSION = YES;
				CLANG_WARN_INT_CONVERSION = YES;
				CLANG_WARN_NON_LITERAL_NULL_CONVERSION = YES;
				CLANG_WARN_OBJC_IMPLICIT_RETAIN_SELF = YES;
				CLANG_WARN_OBJC_LITERAL_CONVERSION = YES;
				CLANG_WARN_OBJC_ROOT_CLASS = YES_ERROR;
				CLANG_WARN_QUOTED_INCLUDE_IN_FRAMEWORK_HEADER = YES;
				CLANG_WARN_RANGE_LOOP_ANALYSIS = YES;
				CLANG_WARN_STRICT_PROTOTYPES = YES;
				CLANG_WARN_SUSPICIOUS_MOVE = YES;
				CLANG_WARN_UNGUARDED_AVAILABILITY = YES_AGGRESSIVE;
				CLANG_WARN_UNREACHABLE_CODE = YES;
				CLANG_WARN__DUPLICATE_METHOD_MATCH = YES;
				COPY_PHASE_STRIP = NO;
				DEBUG_INFORMATION_FORMAT = dwarf;
				ENABLE_STRICT_OBJC_MSGSEND = YES;
				ENABLE_TESTABILITY = YES;
				ENABLE_USER_SCRIPT_SANDBOXING = YES;
				GCC_C_LANGUAGE_STANDARD = gnu17;
				GCC_DYNAMIC_NO_PIC = NO;
				GCC_NO_COMMON_BLOCKS = YES;
				GCC_OPTIMIZATION_LEVEL = 0;
				GCC_PREPROCESSOR_DEFINITIONS = (
					"DEBUG=1",
					"$(inherited)",
				);
				GCC_WARN_64_TO_32_BIT_CONVERSION = YES;
				GCC_WARN_ABOUT_RETURN_TYPE = YES_ERROR;
				GCC_WARN_UNDECLARED_SELECTOR = YES;
				GCC_WARN_UNINITIALIZED_AUTOS = YES_AGGRESSIVE;
				GCC_WARN_UNUSED_FUNCTION = YES;
				GCC_WARN_UNUSED_VARIABLE = YES;
				LOCALIZATION_PREFERS_STRING_CATALOGS = YES;
				MACOSX_DEPLOYMENT_TARGET = 14.4;
				MTL_ENABLE_DEBUG_INFO = INCLUDE_SOURCE;
				MTL_FAST_MATH = YES;
				ONLY_ACTIVE_ARCH = YES;
				SDKROOT = macosx;
			};
			name = Debug;
		};
		09D757762BB5C7AD00CB2B52 /* Release */ = {
			isa = XCBuildConfiguration;
			buildSettings = {
				ALWAYS_SEARCH_USER_PATHS = NO;
				ASSETCATALOG_COMPILER_GENERATE_SWIFT_ASSET_SYMBOL_EXTENSIONS = YES;
				CLANG_ANALYZER_NONNULL = YES;
				CLANG_ANALYZER_NUMBER_OBJECT_CONVERSION = YES_AGGRESSIVE;
				CLANG_CXX_LANGUAGE_STANDARD = "gnu++20";
				CLANG_ENABLE_MODULES = YES;
				CLANG_ENABLE_OBJC_ARC = YES;
				CLANG_ENABLE_OBJC_WEAK = YES;
				CLANG_WARN_BLOCK_CAPTURE_AUTORELEASING = YES;
				CLANG_WARN_BOOL_CONVERSION = YES;
				CLANG_WARN_COMMA = YES;
				CLANG_WARN_CONSTANT_CONVERSION = YES;
				CLANG_WARN_DEPRECATED_OBJC_IMPLEMENTATIONS = YES;
				CLANG_WARN_DIRECT_OBJC_ISA_USAGE = YES_ERROR;
				CLANG_WARN_DOCUMENTATION_COMMENTS = YES;
				CLANG_WARN_EMPTY_BODY = YES;
				CLANG_WARN_ENUM_CONVERSION = YES;
				CLANG_WARN_INFINITE_RECURSION = YES;
				CLANG_WARN_INT_CONVERSION = YES;
				CLANG_WARN_NON_LITERAL_NULL_CONVERSION = YES;
				CLANG_WARN_OBJC_IMPLICIT_RETAIN_SELF = YES;
				CLANG_WARN_OBJC_LITERAL_CONVERSION = YES;
				CLANG_WARN_OBJC_ROOT_CLASS = YES_ERROR;
				CLANG_WARN_QUOTED_INCLUDE_IN_FRAMEWORK_HEADER = YES;
				CLANG_WARN_RANGE_LOOP_ANALYSIS = YES;
				CLANG_WARN_STRICT_PROTOTYPES = YES;
				CLANG_WARN_SUSPICIOUS_MOVE = YES;
				CLANG_WARN_UNGUARDED_AVAILABILITY = YES_AGGRESSIVE;
				CLANG_WARN_UNREACHABLE_CODE = YES;
				CLANG_WARN__DUPLICATE_METHOD_MATCH = YES;
				COPY_PHASE_STRIP = NO;
				DEBUG_INFORMATION_FORMAT = "dwarf-with-dsym";
				ENABLE_NS_ASSERTIONS = NO;
				ENABLE_STRICT_OBJC_MSGSEND = YES;
				ENABLE_USER_SCRIPT_SANDBOXING = YES;
				GCC_C_LANGUAGE_STANDARD = gnu17;
				GCC_NO_COMMON_BLOCKS = YES;
				GCC_WARN_64_TO_32_BIT_CONVERSION = YES;
				GCC_WARN_ABOUT_RETURN_TYPE = YES_ERROR;
				GCC_WARN_UNDECLARED_SELECTOR = YES;
				GCC_WARN_UNINITIALIZED_AUTOS = YES_AGGRESSIVE;
				GCC_WARN_UNUSED_FUNCTION = YES;
				GCC_WARN_UNUSED_VARIABLE = YES;
				LOCALIZATION_PREFERS_STRING_CATALOGS = YES;
				MACOSX_DEPLOYMENT_TARGET = 14.4;
				MTL_ENABLE_DEBUG_INFO = NO;
				MTL_FAST_MATH = YES;
				SDKROOT = macosx;
			};
			name = Release;
		};
		09D757782BB5C7AD00CB2B52 /* Debug */ = {
			isa = XCBuildConfiguration;
			buildSettings = {
				CODE_SIGN_STYLE = Automatic;
				DEVELOPMENT_TEAM = 74QWZY2CV5;
				ENABLE_HARDENED_RUNTIME = YES;
				PRODUCT_NAME = "$(TARGET_NAME)";
			};
			name = Debug;
		};
		09D757792BB5C7AD00CB2B52 /* Release */ = {
			isa = XCBuildConfiguration;
			buildSettings = {
				CODE_SIGN_STYLE = Automatic;
				DEVELOPMENT_TEAM = 74QWZY2CV5;
				ENABLE_HARDENED_RUNTIME = YES;
				PRODUCT_NAME = "$(TARGET_NAME)";
			};
			name = Release;
		};
/* End XCBuildConfiguration section */

/* Begin XCConfigurationList section */
		09D7576B2BB5C7AD00CB2B52 /* Build configuration list for PBXProject "Lab 6" */ = {
			isa = XCConfigurationList;
			buildConfigurations = (
				09D757752BB5C7AD00CB2B52 /* Debug */,
				09D757762BB5C7AD00CB2B52 /* Release */,
			);
			defaultConfigurationIsVisible = 0;
			defaultConfigurationName = Release;
		};
		09D757772BB5C7AD00CB2B52 /* Build configuration list for PBXNativeTarget "Lab 6" */ = {
			isa = XCConfigurationList;
			buildConfigurations = (
				09D757782BB5C7AD00CB2B52 /* Debug */,
				09D757792BB5C7AD00CB2B52 /* Release */,
			);
			defaultConfigurationIsVisible = 0;
			defaultConfigurationName = Release;
		};
/* End XCConfigurationList section */
	};
	rootObject = 09D757682BB5C7AD00CB2B52 /* Project object */;
}
